
Microsoft Visual Studio Solution File, Format Version 12.00
# Visual Studio Version 17
VisualStudioVersion = 17.4.33110.190
MinimumVisualStudioVersion = 10.0.40219.1
Project("{FAE04EC0-301F-11D3-BF4B-00C04F79EFBC}") = "PriorityQueue", "PriorityQueue\PriorityQueue.csproj", "{8C9B03BB-8F66-4EC2-AAA7-CB1693984592}"
EndProject
Project("{FAE04EC0-301F-11D3-BF4B-00C04F79EFBC}") = "TestPriorityQueue", "TestPriorityQueue\TestPriorityQueue.csproj", "{493B03ED-9891-4D91-A5E5-8FA4650C8C65}"
EndProject
Global
	GlobalSection(SolutionConfigurationPlatforms) = preSolution
		Debug|Any CPU = Debug|Any CPU
		Release|Any CPU = Release|Any CPU
	EndGlobalSection
	GlobalSection(ProjectConfigurationPlatforms) = postSolution
		{8C9B03BB-8F66-4EC2-AAA7-CB1693984592}.Debug|Any CPU.ActiveCfg = Debug|Any CPU
		{8C9B03BB-8F66-4EC2-AAA7-CB1693984592}.Debug|Any CPU.Build.0 = Debug|Any CPU
		{8C9B03BB-8F66-4EC2-AAA7-CB1693984592}.Release|Any CPU.ActiveCfg = Release|Any CPU
		{8C9B03BB-8F66-4EC2-AAA7-CB1693984592}.Release|Any CPU.Build.0 = Release|Any CPU
		{493B03ED-9891-4D91-A5E5-8FA4650C8C65}.Debug|Any CPU.ActiveCfg = Debug|Any CPU
		{493B03ED-9891-4D91-A5E5-8FA4650C8C65}.Debug|Any CPU.Build.0 = Debug|Any CPU
		{493B03ED-9891-4D91-A5E5-8FA4650C8C65}.Release|Any CPU.ActiveCfg = Release|Any CPU
		{493B03ED-9891-4D91-A5E5-8FA4650C8C65}.Release|Any CPU.Build.0 = Release|Any CPU
	EndGlobalSection
	GlobalSection(SolutionProperties) = preSolution
		HideSolutionNode = FALSE
	EndGlobalSection
	GlobalSection(ExtensibilityGlobals) = postSolution
		SolutionGuid = {30568926-6407-4C7F-BD71-F5DFDA354AE5}
	EndGlobalSection
EndGlobal
