
Microsoft Visual Studio Solution File, Format Version 12.00
# Visual Studio Version 16
VisualStudioVersion = 16.0.33130.400
MinimumVisualStudioVersion = 10.0.40219.1
Project("{FAE04EC0-301F-11D3-BF4B-00C04F79EFBC}") = "StarWars", "StarWars\StarWars.csproj", "{43489074-DAD7-4237-84D6-7610990AB452}"
EndProject
Global
	GlobalSection(SolutionConfigurationPlatforms) = preSolution
		Debug|Any CPU = Debug|Any CPU
		Release|Any CPU = Release|Any CPU
	EndGlobalSection
	GlobalSection(ProjectConfigurationPlatforms) = postSolution
		{43489074-DAD7-4237-84D6-7610990AB452}.Debug|Any CPU.ActiveCfg = Debug|Any CPU
		{43489074-DAD7-4237-84D6-7610990AB452}.Debug|Any CPU.Build.0 = Debug|Any CPU
		{43489074-DAD7-4237-84D6-7610990AB452}.Release|Any CPU.ActiveCfg = Release|Any CPU
		{43489074-DAD7-4237-84D6-7610990AB452}.Release|Any CPU.Build.0 = Release|Any CPU
	EndGlobalSection
	GlobalSection(SolutionProperties) = preSolution
		HideSolutionNode = FALSE
	EndGlobalSection
	GlobalSection(ExtensibilityGlobals) = postSolution
		SolutionGuid = {90286F74-4144-4BAD-BE3F-2FF61C38BDC0}
	EndGlobalSection
EndGlobal
