
Microsoft Visual Studio Solution File, Format Version 12.00
# Visual Studio Version 17
VisualStudioVersion = 17.4.33110.190
MinimumVisualStudioVersion = 10.0.40219.1
Project("{FAE04EC0-301F-11D3-BF4B-00C04F79EFBC}") = "Circle_Point", "Circle_Point\Circle_Point.csproj", "{1013EF9D-DAE9-41CB-9171-0011469D2C12}"
EndProject
Global
	GlobalSection(SolutionConfigurationPlatforms) = preSolution
		Debug|Any CPU = Debug|Any CPU
		Release|Any CPU = Release|Any CPU
	EndGlobalSection
	GlobalSection(ProjectConfigurationPlatforms) = postSolution
		{1013EF9D-DAE9-41CB-9171-0011469D2C12}.Debug|Any CPU.ActiveCfg = Debug|Any CPU
		{1013EF9D-DAE9-41CB-9171-0011469D2C12}.Debug|Any CPU.Build.0 = Debug|Any CPU
		{1013EF9D-DAE9-41CB-9171-0011469D2C12}.Release|Any CPU.ActiveCfg = Release|Any CPU
		{1013EF9D-DAE9-41CB-9171-0011469D2C12}.Release|Any CPU.Build.0 = Release|Any CPU
	EndGlobalSection
	GlobalSection(SolutionProperties) = preSolution
		HideSolutionNode = FALSE
	EndGlobalSection
	GlobalSection(ExtensibilityGlobals) = postSolution
		SolutionGuid = {D7D62658-7E7E-4D00-8D82-020B06DB76F9}
	EndGlobalSection
EndGlobal
