
Microsoft Visual Studio Solution File, Format Version 12.00
# Visual Studio Version 17
VisualStudioVersion = 17.4.33103.184
MinimumVisualStudioVersion = 10.0.40219.1
Project("{FAE04EC0-301F-11D3-BF4B-00C04F79EFBC}") = "FunFair", "FunFair\FunFair.csproj", "{04AD61BE-5F7E-4E87-81F0-44F27397454E}"
EndProject
Global
	GlobalSection(SolutionConfigurationPlatforms) = preSolution
		Debug|Any CPU = Debug|Any CPU
		Release|Any CPU = Release|Any CPU
	EndGlobalSection
	GlobalSection(ProjectConfigurationPlatforms) = postSolution
		{04AD61BE-5F7E-4E87-81F0-44F27397454E}.Debug|Any CPU.ActiveCfg = Debug|Any CPU
		{04AD61BE-5F7E-4E87-81F0-44F27397454E}.Debug|Any CPU.Build.0 = Debug|Any CPU
		{04AD61BE-5F7E-4E87-81F0-44F27397454E}.Release|Any CPU.ActiveCfg = Release|Any CPU
		{04AD61BE-5F7E-4E87-81F0-44F27397454E}.Release|Any CPU.Build.0 = Release|Any CPU
	EndGlobalSection
	GlobalSection(SolutionProperties) = preSolution
		HideSolutionNode = FALSE
	EndGlobalSection
	GlobalSection(ExtensibilityGlobals) = postSolution
		SolutionGuid = {318CCBD2-5A81-4225-A70E-6A0851CB9BDD}
	EndGlobalSection
EndGlobal
