
Microsoft Visual Studio Solution File, Format Version 12.00
# Visual Studio Version 16
VisualStudioVersion = 16.0.33130.400
MinimumVisualStudioVersion = 10.0.40219.1
Project("{FAE04EC0-301F-11D3-BF4B-00C04F79EFBC}") = "Garden", "Garden\Garden.csproj", "{46C45829-807C-45CF-BA14-DC4A1CBFF094}"
EndProject
Global
	GlobalSection(SolutionConfigurationPlatforms) = preSolution
		Debug|Any CPU = Debug|Any CPU
		Release|Any CPU = Release|Any CPU
	EndGlobalSection
	GlobalSection(ProjectConfigurationPlatforms) = postSolution
		{46C45829-807C-45CF-BA14-DC4A1CBFF094}.Debug|Any CPU.ActiveCfg = Debug|Any CPU
		{46C45829-807C-45CF-BA14-DC4A1CBFF094}.Debug|Any CPU.Build.0 = Debug|Any CPU
		{46C45829-807C-45CF-BA14-DC4A1CBFF094}.Release|Any CPU.ActiveCfg = Release|Any CPU
		{46C45829-807C-45CF-BA14-DC4A1CBFF094}.Release|Any CPU.Build.0 = Release|Any CPU
	EndGlobalSection
	GlobalSection(SolutionProperties) = preSolution
		HideSolutionNode = FALSE
	EndGlobalSection
	GlobalSection(ExtensibilityGlobals) = postSolution
		SolutionGuid = {100FAF65-1509-4908-B2D1-CD030CA2C967}
	EndGlobalSection
EndGlobal
