
Microsoft Visual Studio Solution File, Format Version 12.00
# Visual Studio Version 17
VisualStudioVersion = 17.4.33110.190
MinimumVisualStudioVersion = 10.0.40219.1
Project("{FAE04EC0-301F-11D3-BF4B-00C04F79EFBC}") = "LowerTriangle", "LowerTriangle\LowerTriangle.csproj", "{54F48E8F-B22E-4391-AC23-C4774162C830}"
EndProject
Global
	GlobalSection(SolutionConfigurationPlatforms) = preSolution
		Debug|Any CPU = Debug|Any CPU
		Release|Any CPU = Release|Any CPU
	EndGlobalSection
	GlobalSection(ProjectConfigurationPlatforms) = postSolution
		{54F48E8F-B22E-4391-AC23-C4774162C830}.Debug|Any CPU.ActiveCfg = Debug|Any CPU
		{54F48E8F-B22E-4391-AC23-C4774162C830}.Debug|Any CPU.Build.0 = Debug|Any CPU
		{54F48E8F-B22E-4391-AC23-C4774162C830}.Release|Any CPU.ActiveCfg = Release|Any CPU
		{54F48E8F-B22E-4391-AC23-C4774162C830}.Release|Any CPU.Build.0 = Release|Any CPU
	EndGlobalSection
	GlobalSection(SolutionProperties) = preSolution
		HideSolutionNode = FALSE
	EndGlobalSection
	GlobalSection(ExtensibilityGlobals) = postSolution
		SolutionGuid = {F7F8B8CF-97B6-453F-9368-6B1D54B0934C}
	EndGlobalSection
EndGlobal
